// !$*UTF8*$!
{
	archiveVersion = 1;
	classes = {
	};
	objectVersion = 50;
	objects = {

/* Begin PBXBuildFile section */
		CC728F4920908963003B3805 /* Config.swift in Sources */ = {isa = PBXBuildFile; fileRef = CC728F4820908962003B3805 /* Config.swift */; };
		CC77448B20B58C090086464A /* GoogleService-Info.plist in Resources */ = {isa = PBXBuildFile; fileRef = CC77448A20B58C090086464A /* GoogleService-Info.plist */; };
		CC825A532081D43800A4BDCC /* Start.storyboard in Resources */ = {isa = PBXBuildFile; fileRef = CC825A522081D43800A4BDCC /* Start.storyboard */; };
		CC825A552081DE6800A4BDCC /* SignInViewController.swift in Sources */ = {isa = PBXBuildFile; fileRef = CC825A542081DE6800A4BDCC /* SignInViewController.swift */; };
		CC825A572081DE8800A4BDCC /* SignUpViewController.swift in Sources */ = {isa = PBXBuildFile; fileRef = CC825A562081DE8800A4BDCC /* SignUpViewController.swift */; };
		CC825A5D2081E30B00A4BDCC /* ClosetViewController.swift in Sources */ = {isa = PBXBuildFile; fileRef = CC825A5C2081E30B00A4BDCC /* ClosetViewController.swift */; };
		CC825A612081E38900A4BDCC /* BoardViewController.swift in Sources */ = {isa = PBXBuildFile; fileRef = CC825A602081E38900A4BDCC /* BoardViewController.swift */; };
		CC825A632081E39A00A4BDCC /* ProfileViewController.swift in Sources */ = {isa = PBXBuildFile; fileRef = CC825A622081E39A00A4BDCC /* ProfileViewController.swift */; };
		CC825A672081E51000A4BDCC /* Main.storyboard in Resources */ = {isa = PBXBuildFile; fileRef = CC825A662081E51000A4BDCC /* Main.storyboard */; };
		CC825A692081E62300A4BDCC /* Closet.storyboard in Resources */ = {isa = PBXBuildFile; fileRef = CC825A682081E62300A4BDCC /* Closet.storyboard */; };
		CC825A6D2081E65500A4BDCC /* Board.storyboard in Resources */ = {isa = PBXBuildFile; fileRef = CC825A6C2081E65500A4BDCC /* Board.storyboard */; };
		CC825A6F2081E66200A4BDCC /* Profile.storyboard in Resources */ = {isa = PBXBuildFile; fileRef = CC825A6E2081E66200A4BDCC /* Profile.storyboard */; };
		CC831C31208F1CAE002798A7 /* AuthService.swift in Sources */ = {isa = PBXBuildFile; fileRef = CC831C30208F1CAE002798A7 /* AuthService.swift */; };
		CC92F2EB20AC8649006C04AB /* Clothes.swift in Sources */ = {isa = PBXBuildFile; fileRef = CC92F2EA20AC8649006C04AB /* Clothes.swift */; };
		CC92F2EE20AC9E2D006C04AB /* ClosetCollectionViewCell.swift in Sources */ = {isa = PBXBuildFile; fileRef = CC92F2ED20AC9E2D006C04AB /* ClosetCollectionViewCell.swift */; };
		CCA8D65B20B3225400A33D90 /* ClothesApi.swift in Sources */ = {isa = PBXBuildFile; fileRef = CCA8D65A20B3225400A33D90 /* ClothesApi.swift */; };
		CCA8D65F20B331D000A33D90 /* HelperService.swift in Sources */ = {isa = PBXBuildFile; fileRef = CCA8D65E20B331D000A33D90 /* HelperService.swift */; };
		CCC295E9207F93F80021BF8E /* AppDelegate.swift in Sources */ = {isa = PBXBuildFile; fileRef = CCC295E8207F93F80021BF8E /* AppDelegate.swift */; };
		CCC295F0207F93F90021BF8E /* Assets.xcassets in Resources */ = {isa = PBXBuildFile; fileRef = CCC295EF207F93F90021BF8E /* Assets.xcassets */; };
		CCC295F3207F93F90021BF8E /* LaunchScreen.storyboard in Resources */ = {isa = PBXBuildFile; fileRef = CCC295F1207F93F90021BF8E /* LaunchScreen.storyboard */; };
		CCC83D6B20B2FEA30031A766 /* Api.swift in Sources */ = {isa = PBXBuildFile; fileRef = CCC83D6A20B2FEA30031A766 /* Api.swift */; };
		CCC83D6D20B2FEBB0031A766 /* MyItemsApi.swift in Sources */ = {isa = PBXBuildFile; fileRef = CCC83D6C20B2FEBB0031A766 /* MyItemsApi.swift */; };
		CCC83D6F20B304640031A766 /* UserApi.swift in Sources */ = {isa = PBXBuildFile; fileRef = CCC83D6E20B304640031A766 /* UserApi.swift */; };
		CCC83D7120B305EA0031A766 /* UserInfo.swift in Sources */ = {isa = PBXBuildFile; fileRef = CCC83D7020B305EA0031A766 /* UserInfo.swift */; };
		CCD1C0942092FED1005F6885 /* AddClothesViewController.swift in Sources */ = {isa = PBXBuildFile; fileRef = CCD1C0932092FED1005F6885 /* AddClothesViewController.swift */; };
		EB1C22131F99C043B11E17D1 /* Pods_LaundryDay.framework in Frameworks */ = {isa = PBXBuildFile; fileRef = C55F18E44790B284EB4FA295 /* Pods_LaundryDay.framework */; };
/* End PBXBuildFile section */

/* Begin PBXFileReference section */
		3B3389B95CD66B5797DF95CE /* Pods-LaundryDay.debug.xcconfig */ = {isa = PBXFileReference; includeInIndex = 1; lastKnownFileType = text.xcconfig; name = "Pods-LaundryDay.debug.xcconfig"; path = "Pods/Target Support Files/Pods-LaundryDay/Pods-LaundryDay.debug.xcconfig"; sourceTree = "<group>"; };
		C55F18E44790B284EB4FA295 /* Pods_LaundryDay.framework */ = {isa = PBXFileReference; explicitFileType = wrapper.framework; includeInIndex = 0; path = Pods_LaundryDay.framework; sourceTree = BUILT_PRODUCTS_DIR; };
		CC728F4820908962003B3805 /* Config.swift */ = {isa = PBXFileReference; lastKnownFileType = sourcecode.swift; path = Config.swift; sourceTree = "<group>"; };
		CC77448A20B58C090086464A /* GoogleService-Info.plist */ = {isa = PBXFileReference; fileEncoding = 4; lastKnownFileType = text.plist.xml; path = "GoogleService-Info.plist"; sourceTree = SOURCE_ROOT; };
		CC825A522081D43800A4BDCC /* Start.storyboard */ = {isa = PBXFileReference; lastKnownFileType = file.storyboard; path = Start.storyboard; sourceTree = "<group>"; };
		CC825A542081DE6800A4BDCC /* SignInViewController.swift */ = {isa = PBXFileReference; lastKnownFileType = sourcecode.swift; path = SignInViewController.swift; sourceTree = "<group>"; };
		CC825A562081DE8800A4BDCC /* SignUpViewController.swift */ = {isa = PBXFileReference; lastKnownFileType = sourcecode.swift; path = SignUpViewController.swift; sourceTree = "<group>"; };
		CC825A5C2081E30B00A4BDCC /* ClosetViewController.swift */ = {isa = PBXFileReference; lastKnownFileType = sourcecode.swift; path = ClosetViewController.swift; sourceTree = "<group>"; };
		CC825A602081E38900A4BDCC /* BoardViewController.swift */ = {isa = PBXFileReference; lastKnownFileType = sourcecode.swift; path = BoardViewController.swift; sourceTree = "<group>"; };
		CC825A622081E39A00A4BDCC /* ProfileViewController.swift */ = {isa = PBXFileReference; lastKnownFileType = sourcecode.swift; path = ProfileViewController.swift; sourceTree = "<group>"; };
		CC825A662081E51000A4BDCC /* Main.storyboard */ = {isa = PBXFileReference; fileEncoding = 4; lastKnownFileType = file.storyboard; path = Main.storyboard; sourceTree = "<group>"; };
		CC825A682081E62300A4BDCC /* Closet.storyboard */ = {isa = PBXFileReference; fileEncoding = 4; lastKnownFileType = file.storyboard; path = Closet.storyboard; sourceTree = "<group>"; };
		CC825A6C2081E65500A4BDCC /* Board.storyboard */ = {isa = PBXFileReference; fileEncoding = 4; lastKnownFileType = file.storyboard; path = Board.storyboard; sourceTree = "<group>"; };
		CC825A6E2081E66200A4BDCC /* Profile.storyboard */ = {isa = PBXFileReference; fileEncoding = 4; lastKnownFileType = file.storyboard; path = Profile.storyboard; sourceTree = "<group>"; };
		CC831C30208F1CAE002798A7 /* AuthService.swift */ = {isa = PBXFileReference; lastKnownFileType = sourcecode.swift; path = AuthService.swift; sourceTree = "<group>"; };
		CC92F2EA20AC8649006C04AB /* Clothes.swift */ = {isa = PBXFileReference; lastKnownFileType = sourcecode.swift; path = Clothes.swift; sourceTree = "<group>"; };
		CC92F2ED20AC9E2D006C04AB /* ClosetCollectionViewCell.swift */ = {isa = PBXFileReference; lastKnownFileType = sourcecode.swift; path = ClosetCollectionViewCell.swift; sourceTree = "<group>"; };
		CCA8D65A20B3225400A33D90 /* ClothesApi.swift */ = {isa = PBXFileReference; lastKnownFileType = sourcecode.swift; path = ClothesApi.swift; sourceTree = "<group>"; };
		CCA8D65E20B331D000A33D90 /* HelperService.swift */ = {isa = PBXFileReference; lastKnownFileType = sourcecode.swift; path = HelperService.swift; sourceTree = "<group>"; };
		CCC295E5207F93F80021BF8E /* LaundryDay.app */ = {isa = PBXFileReference; explicitFileType = wrapper.application; includeInIndex = 0; path = LaundryDay.app; sourceTree = BUILT_PRODUCTS_DIR; };
		CCC295E8207F93F80021BF8E /* AppDelegate.swift */ = {isa = PBXFileReference; lastKnownFileType = sourcecode.swift; path = AppDelegate.swift; sourceTree = "<group>"; };
		CCC295EF207F93F90021BF8E /* Assets.xcassets */ = {isa = PBXFileReference; lastKnownFileType = folder.assetcatalog; path = Assets.xcassets; sourceTree = "<group>"; };
		CCC295F2207F93F90021BF8E /* Base */ = {isa = PBXFileReference; lastKnownFileType = file.storyboard; name = Base; path = Base.lproj/LaunchScreen.storyboard; sourceTree = "<group>"; };
		CCC295F4207F93F90021BF8E /* Info.plist */ = {isa = PBXFileReference; lastKnownFileType = text.plist.xml; path = Info.plist; sourceTree = "<group>"; };
		CCC83D6A20B2FEA30031A766 /* Api.swift */ = {isa = PBXFileReference; lastKnownFileType = sourcecode.swift; path = Api.swift; sourceTree = "<group>"; };
		CCC83D6C20B2FEBB0031A766 /* MyItemsApi.swift */ = {isa = PBXFileReference; lastKnownFileType = sourcecode.swift; path = MyItemsApi.swift; sourceTree = "<group>"; };
		CCC83D6E20B304640031A766 /* UserApi.swift */ = {isa = PBXFileReference; lastKnownFileType = sourcecode.swift; path = UserApi.swift; sourceTree = "<group>"; };
		CCC83D7020B305EA0031A766 /* UserInfo.swift */ = {isa = PBXFileReference; lastKnownFileType = sourcecode.swift; path = UserInfo.swift; sourceTree = "<group>"; };
		CCD1C0932092FED1005F6885 /* AddClothesViewController.swift */ = {isa = PBXFileReference; lastKnownFileType = sourcecode.swift; path = AddClothesViewController.swift; sourceTree = "<group>"; };
		E7DE90ADAC7410455027245B /* Pods-LaundryDay.release.xcconfig */ = {isa = PBXFileReference; includeInIndex = 1; lastKnownFileType = text.xcconfig; name = "Pods-LaundryDay.release.xcconfig"; path = "Pods/Target Support Files/Pods-LaundryDay/Pods-LaundryDay.release.xcconfig"; sourceTree = "<group>"; };
/* End PBXFileReference section */

/* Begin PBXFrameworksBuildPhase section */
		CCC295E2207F93F80021BF8E /* Frameworks */ = {
			isa = PBXFrameworksBuildPhase;
			buildActionMask = 2147483647;
			files = (
				EB1C22131F99C043B11E17D1 /* Pods_LaundryDay.framework in Frameworks */,
			);
			runOnlyForDeploymentPostprocessing = 0;
		};
/* End PBXFrameworksBuildPhase section */

/* Begin PBXGroup section */
		3CED4B3B08C7710FE675B92C /* Frameworks */ = {
			isa = PBXGroup;
			children = (
				C55F18E44790B284EB4FA295 /* Pods_LaundryDay.framework */,
			);
			name = Frameworks;
			sourceTree = "<group>";
		};
		437011E8A9648C9C3432886F /* Pods */ = {
			isa = PBXGroup;
			children = (
				3B3389B95CD66B5797DF95CE /* Pods-LaundryDay.debug.xcconfig */,
				E7DE90ADAC7410455027245B /* Pods-LaundryDay.release.xcconfig */,
			);
			name = Pods;
			sourceTree = "<group>";
		};
		CC825A702081E69400A4BDCC /* Storyboards */ = {
			isa = PBXGroup;
			children = (
				CC825A522081D43800A4BDCC /* Start.storyboard */,
				CC825A662081E51000A4BDCC /* Main.storyboard */,
				CC825A6E2081E66200A4BDCC /* Profile.storyboard */,
				CC825A6C2081E65500A4BDCC /* Board.storyboard */,
				CC825A682081E62300A4BDCC /* Closet.storyboard */,
			);
			path = Storyboards;
			sourceTree = "<group>";
		};
		CC825A712081E6B600A4BDCC /* ViewControllers */ = {
			isa = PBXGroup;
			children = (
				CC825A542081DE6800A4BDCC /* SignInViewController.swift */,
				CC825A562081DE8800A4BDCC /* SignUpViewController.swift */,
				CC825A5C2081E30B00A4BDCC /* ClosetViewController.swift */,
				CC825A602081E38900A4BDCC /* BoardViewController.swift */,
				CC825A622081E39A00A4BDCC /* ProfileViewController.swift */,
				CCD1C0932092FED1005F6885 /* AddClothesViewController.swift */,
			);
			path = ViewControllers;
			sourceTree = "<group>";
		};
		CC92F2E920AC8633006C04AB /* Model */ = {
			isa = PBXGroup;
			children = (
				CC92F2EA20AC8649006C04AB /* Clothes.swift */,
				CCC83D7020B305EA0031A766 /* UserInfo.swift */,
			);
			path = Model;
			sourceTree = "<group>";
		};
		CC92F2EC20AC9E04006C04AB /* Views */ = {
			isa = PBXGroup;
			children = (
				CC92F2ED20AC9E2D006C04AB /* ClosetCollectionViewCell.swift */,
			);
			path = Views;
			sourceTree = "<group>";
		};
		CCC295DC207F93F80021BF8E = {
			isa = PBXGroup;
			children = (
				CCC295E7207F93F80021BF8E /* LaundryDay */,
				CCC295E6207F93F80021BF8E /* Products */,
				437011E8A9648C9C3432886F /* Pods */,
				3CED4B3B08C7710FE675B92C /* Frameworks */,
			);
			sourceTree = "<group>";
		};
		CCC295E6207F93F80021BF8E /* Products */ = {
			isa = PBXGroup;
			children = (
				CCC295E5207F93F80021BF8E /* LaundryDay.app */,
			);
			name = Products;
			sourceTree = "<group>";
		};
		CCC295E7207F93F80021BF8E /* LaundryDay */ = {
			isa = PBXGroup;
			children = (
				CC77448A20B58C090086464A /* GoogleService-Info.plist */,
				CC92F2EC20AC9E04006C04AB /* Views */,
				CC92F2E920AC8633006C04AB /* Model */,
				CC825A712081E6B600A4BDCC /* ViewControllers */,
				CCC295E8207F93F80021BF8E /* AppDelegate.swift */,
				CCC295EF207F93F90021BF8E /* Assets.xcassets */,
				CCC295F1207F93F90021BF8E /* LaunchScreen.storyboard */,
				CCC295F4207F93F90021BF8E /* Info.plist */,
				CC825A702081E69400A4BDCC /* Storyboards */,
				CC831C30208F1CAE002798A7 /* AuthService.swift */,
				CC728F4820908962003B3805 /* Config.swift */,
				CCC83D6A20B2FEA30031A766 /* Api.swift */,
				CCA8D65E20B331D000A33D90 /* HelperService.swift */,
				CCC83D6E20B304640031A766 /* UserApi.swift */,
				CCC83D6C20B2FEBB0031A766 /* MyItemsApi.swift */,
				CCA8D65A20B3225400A33D90 /* ClothesApi.swift */,
			);
			path = LaundryDay;
			sourceTree = "<group>";
		};
/* End PBXGroup section */

/* Begin PBXNativeTarget section */
		CCC295E4207F93F80021BF8E /* LaundryDay */ = {
			isa = PBXNativeTarget;
			buildConfigurationList = CCC295F7207F93F90021BF8E /* Build configuration list for PBXNativeTarget "LaundryDay" */;
			buildPhases = (
				BA77470AD17FCA4ADB5C39A2 /* [CP] Check Pods Manifest.lock */,
				CCC295E1207F93F80021BF8E /* Sources */,
				CCC295E2207F93F80021BF8E /* Frameworks */,
				CCC295E3207F93F80021BF8E /* Resources */,
				4E6E6716E6ABE0DF9B61C57A /* [CP] Embed Pods Frameworks */,
			);
			buildRules = (
			);
			dependencies = (
			);
			name = LaundryDay;
			productName = LaundryDay;
			productReference = CCC295E5207F93F80021BF8E /* LaundryDay.app */;
			productType = "com.apple.product-type.application";
		};
/* End PBXNativeTarget section */

/* Begin PBXProject section */
		CCC295DD207F93F80021BF8E /* Project object */ = {
			isa = PBXProject;
			attributes = {
				LastSwiftUpdateCheck = 0930;
				LastUpgradeCheck = 0930;
				ORGANIZATIONNAME = MBP03;
				TargetAttributes = {
					CCC295E4207F93F80021BF8E = {
						CreatedOnToolsVersion = 9.3;
					};
				};
			};
			buildConfigurationList = CCC295E0207F93F80021BF8E /* Build configuration list for PBXProject "LaundryDay" */;
			compatibilityVersion = "Xcode 9.3";
			developmentRegion = en;
			hasScannedForEncodings = 0;
			knownRegions = (
				en,
				Base,
			);
			mainGroup = CCC295DC207F93F80021BF8E;
			productRefGroup = CCC295E6207F93F80021BF8E /* Products */;
			projectDirPath = "";
			projectRoot = "";
			targets = (
				CCC295E4207F93F80021BF8E /* LaundryDay */,
			);
		};
/* End PBXProject section */

/* Begin PBXResourcesBuildPhase section */
		CCC295E3207F93F80021BF8E /* Resources */ = {
			isa = PBXResourcesBuildPhase;
			buildActionMask = 2147483647;
			files = (
				CCC295F3207F93F90021BF8E /* LaunchScreen.storyboard in Resources */,
				CC77448B20B58C090086464A /* GoogleService-Info.plist in Resources */,
				CC825A672081E51000A4BDCC /* Main.storyboard in Resources */,
				CC825A532081D43800A4BDCC /* Start.storyboard in Resources */,
				CC825A692081E62300A4BDCC /* Closet.storyboard in Resources */,
				CC825A6F2081E66200A4BDCC /* Profile.storyboard in Resources */,
				CCC295F0207F93F90021BF8E /* Assets.xcassets in Resources */,
				CC825A6D2081E65500A4BDCC /* Board.storyboard in Resources */,
			);
			runOnlyForDeploymentPostprocessing = 0;
		};
/* End PBXResourcesBuildPhase section */

/* Begin PBXShellScriptBuildPhase section */
		4E6E6716E6ABE0DF9B61C57A /* [CP] Embed Pods Frameworks */ = {
			isa = PBXShellScriptBuildPhase;
			buildActionMask = 2147483647;
			files = (
			);
			inputPaths = (
				"${SRCROOT}/Pods/Target Support Files/Pods-LaundryDay/Pods-LaundryDay-frameworks.sh",
				"${BUILT_PRODUCTS_DIR}/GTMSessionFetcher/GTMSessionFetcher.framework",
				"${BUILT_PRODUCTS_DIR}/GoogleToolboxForMac/GoogleToolboxForMac.framework",
				"${BUILT_PRODUCTS_DIR}/ProgressHUD/ProgressHUD.framework",
				"${BUILT_PRODUCTS_DIR}/SDWebImage/SDWebImage.framework",
				"${BUILT_PRODUCTS_DIR}/leveldb-library/leveldb.framework",
				"${BUILT_PRODUCTS_DIR}/nanopb/nanopb.framework",
			);
			name = "[CP] Embed Pods Frameworks";
			outputPaths = (
				"${TARGET_BUILD_DIR}/${FRAMEWORKS_FOLDER_PATH}/GTMSessionFetcher.framework",
				"${TARGET_BUILD_DIR}/${FRAMEWORKS_FOLDER_PATH}/GoogleToolboxForMac.framework",
				"${TARGET_BUILD_DIR}/${FRAMEWORKS_FOLDER_PATH}/ProgressHUD.framework",
				"${TARGET_BUILD_DIR}/${FRAMEWORKS_FOLDER_PATH}/SDWebImage.framework",
				"${TARGET_BUILD_DIR}/${FRAMEWORKS_FOLDER_PATH}/leveldb.framework",
				"${TARGET_BUILD_DIR}/${FRAMEWORKS_FOLDER_PATH}/nanopb.framework",
			);
			runOnlyForDeploymentPostprocessing = 0;
			shellPath = /bin/sh;
			shellScript = "\"${SRCROOT}/Pods/Target Support Files/Pods-LaundryDay/Pods-LaundryDay-frameworks.sh\"\n";
			showEnvVarsInLog = 0;
		};
		BA77470AD17FCA4ADB5C39A2 /* [CP] Check Pods Manifest.lock */ = {
			isa = PBXShellScriptBuildPhase;
			buildActionMask = 2147483647;
			files = (
			);
			inputPaths = (
				"${PODS_PODFILE_DIR_PATH}/Podfile.lock",
				"${PODS_ROOT}/Manifest.lock",
			);
			name = "[CP] Check Pods Manifest.lock";
			outputPaths = (
				"$(DERIVED_FILE_DIR)/Pods-LaundryDay-checkManifestLockResult.txt",
			);
			runOnlyForDeploymentPostprocessing = 0;
			shellPath = /bin/sh;
			shellScript = "diff \"${PODS_PODFILE_DIR_PATH}/Podfile.lock\" \"${PODS_ROOT}/Manifest.lock\" > /dev/null\nif [ $? != 0 ] ; then\n    # print error to STDERR\n    echo \"error: The sandbox is not in sync with the Podfile.lock. Run 'pod install' or update your CocoaPods installation.\" >&2\n    exit 1\nfi\n# This output is used by Xcode 'outputs' to avoid re-running this script phase.\necho \"SUCCESS\" > \"${SCRIPT_OUTPUT_FILE_0}\"\n";
			showEnvVarsInLog = 0;
		};
/* End PBXShellScriptBuildPhase section */

/* Begin PBXSourcesBuildPhase section */
		CCC295E1207F93F80021BF8E /* Sources */ = {
			isa = PBXSourcesBuildPhase;
			buildActionMask = 2147483647;
			files = (
				CC825A572081DE8800A4BDCC /* SignUpViewController.swift in Sources */,
				CCD1C0942092FED1005F6885 /* AddClothesViewController.swift in Sources */,
				CCA8D65F20B331D000A33D90 /* HelperService.swift in Sources */,
				CC825A552081DE6800A4BDCC /* SignInViewController.swift in Sources */,
				CC728F4920908963003B3805 /* Config.swift in Sources */,
				CC92F2EE20AC9E2D006C04AB /* ClosetCollectionViewCell.swift in Sources */,
				CCC83D6F20B304640031A766 /* UserApi.swift in Sources */,
				CC825A5D2081E30B00A4BDCC /* ClosetViewController.swift in Sources */,
				CCA8D65B20B3225400A33D90 /* ClothesApi.swift in Sources */,
				CCC83D6B20B2FEA30031A766 /* Api.swift in Sources */,
				CCC83D7120B305EA0031A766 /* UserInfo.swift in Sources */,
				CC825A632081E39A00A4BDCC /* ProfileViewController.swift in Sources */,
				CCC295E9207F93F80021BF8E /* AppDelegate.swift in Sources */,
				CC825A612081E38900A4BDCC /* BoardViewController.swift in Sources */,
				CC92F2EB20AC8649006C04AB /* Clothes.swift in Sources */,
				CC831C31208F1CAE002798A7 /* AuthService.swift in Sources */,
				CCC83D6D20B2FEBB0031A766 /* MyItemsApi.swift in Sources */,
			);
			runOnlyForDeploymentPostprocessing = 0;
		};
/* End PBXSourcesBuildPhase section */

/* Begin PBXVariantGroup section */
		CCC295F1207F93F90021BF8E /* LaunchScreen.storyboard */ = {
			isa = PBXVariantGroup;
			children = (
				CCC295F2207F93F90021BF8E /* Base */,
			);
			name = LaunchScreen.storyboard;
			sourceTree = "<group>";
		};
/* End PBXVariantGroup section */

/* Begin XCBuildConfiguration section */
		CCC295F5207F93F90021BF8E /* Debug */ = {
			isa = XCBuildConfiguration;
			buildSettings = {
				ALWAYS_SEARCH_USER_PATHS = NO;
				CLANG_ANALYZER_NONNULL = YES;
				CLANG_ANALYZER_NUMBER_OBJECT_CONVERSION = YES_AGGRESSIVE;
				CLANG_CXX_LANGUAGE_STANDARD = "gnu++14";
				CLANG_CXX_LIBRARY = "libc++";
				CLANG_ENABLE_MODULES = YES;
				CLANG_ENABLE_OBJC_ARC = YES;
				CLANG_ENABLE_OBJC_WEAK = YES;
				CLANG_WARN_BLOCK_CAPTURE_AUTORELEASING = YES;
				CLANG_WARN_BOOL_CONVERSION = YES;
				CLANG_WARN_COMMA = YES;
				CLANG_WARN_CONSTANT_CONVERSION = YES;
				CLANG_WARN_DEPRECATED_OBJC_IMPLEMENTATIONS = YES;
				CLANG_WARN_DIRECT_OBJC_ISA_USAGE = YES_ERROR;
				CLANG_WARN_DOCUMENTATION_COMMENTS = YES;
				CLANG_WARN_EMPTY_BODY = YES;
				CLANG_WARN_ENUM_CONVERSION = YES;
				CLANG_WARN_INFINITE_RECURSION = YES;
				CLANG_WARN_INT_CONVERSION = YES;
				CLANG_WARN_NON_LITERAL_NULL_CONVERSION = YES;
				CLANG_WARN_OBJC_IMPLICIT_RETAIN_SELF = YES;
				CLANG_WARN_OBJC_LITERAL_CONVERSION = YES;
				CLANG_WARN_OBJC_ROOT_CLASS = YES_ERROR;
				CLANG_WARN_RANGE_LOOP_ANALYSIS = YES;
				CLANG_WARN_STRICT_PROTOTYPES = YES;
				CLANG_WARN_SUSPICIOUS_MOVE = YES;
				CLANG_WARN_UNGUARDED_AVAILABILITY = YES_AGGRESSIVE;
				CLANG_WARN_UNREACHABLE_CODE = YES;
				CLANG_WARN__DUPLICATE_METHOD_MATCH = YES;
				CODE_SIGN_IDENTITY = "iPhone Developer";
				COPY_PHASE_STRIP = NO;
				DEBUG_INFORMATION_FORMAT = dwarf;
				ENABLE_STRICT_OBJC_MSGSEND = YES;
				ENABLE_TESTABILITY = YES;
				GCC_C_LANGUAGE_STANDARD = gnu11;
				GCC_DYNAMIC_NO_PIC = NO;
				GCC_NO_COMMON_BLOCKS = YES;
				GCC_OPTIMIZATION_LEVEL = 0;
				GCC_PREPROCESSOR_DEFINITIONS = (
					"DEBUG=1",
					"$(inherited)",
				);
				GCC_WARN_64_TO_32_BIT_CONVERSION = YES;
				GCC_WARN_ABOUT_RETURN_TYPE = YES_ERROR;
				GCC_WARN_UNDECLARED_SELECTOR = YES;
				GCC_WARN_UNINITIALIZED_AUTOS = YES_AGGRESSIVE;
				GCC_WARN_UNUSED_FUNCTION = YES;
				GCC_WARN_UNUSED_VARIABLE = YES;
				IPHONEOS_DEPLOYMENT_TARGET = 11.3;
				MTL_ENABLE_DEBUG_INFO = YES;
				ONLY_ACTIVE_ARCH = YES;
				SDKROOT = iphoneos;
				SWIFT_ACTIVE_COMPILATION_CONDITIONS = DEBUG;
				SWIFT_OPTIMIZATION_LEVEL = "-Onone";
			};
			name = Debug;
		};
		CCC295F6207F93F90021BF8E /* Release */ = {
			isa = XCBuildConfiguration;
			buildSettings = {
				ALWAYS_SEARCH_USER_PATHS = NO;
				CLANG_ANALYZER_NONNULL = YES;
				CLANG_ANALYZER_NUMBER_OBJECT_CONVERSION = YES_AGGRESSIVE;
				CLANG_CXX_LANGUAGE_STANDARD = "gnu++14";
				CLANG_CXX_LIBRARY = "libc++";
				CLANG_ENABLE_MODULES = YES;
				CLANG_ENABLE_OBJC_ARC = YES;
				CLANG_ENABLE_OBJC_WEAK = YES;
				CLANG_WARN_BLOCK_CAPTURE_AUTORELEASING = YES;
				CLANG_WARN_BOOL_CONVERSION = YES;
				CLANG_WARN_COMMA = YES;
				CLANG_WARN_CONSTANT_CONVERSION = YES;
				CLANG_WARN_DEPRECATED_OBJC_IMPLEMENTATIONS = YES;
				CLANG_WARN_DIRECT_OBJC_ISA_USAGE = YES_ERROR;
				CLANG_WARN_DOCUMENTATION_COMMENTS = YES;
				CLANG_WARN_EMPTY_BODY = YES;
				CLANG_WARN_ENUM_CONVERSION = YES;
				CLANG_WARN_INFINITE_RECURSION = YES;
				CLANG_WARN_INT_CONVERSION = YES;
				CLANG_WARN_NON_LITERAL_NULL_CONVERSION = YES;
				CLANG_WARN_OBJC_IMPLICIT_RETAIN_SELF = YES;
				CLANG_WARN_OBJC_LITERAL_CONVERSION = YES;
				CLANG_WARN_OBJC_ROOT_CLASS = YES_ERROR;
				CLANG_WARN_RANGE_LOOP_ANALYSIS = YES;
				CLANG_WARN_STRICT_PROTOTYPES = YES;
				CLANG_WARN_SUSPICIOUS_MOVE = YES;
				CLANG_WARN_UNGUARDED_AVAILABILITY = YES_AGGRESSIVE;
				CLANG_WARN_UNREACHABLE_CODE = YES;
				CLANG_WARN__DUPLICATE_METHOD_MATCH = YES;
				CODE_SIGN_IDENTITY = "iPhone Developer";
				COPY_PHASE_STRIP = NO;
				DEBUG_INFORMATION_FORMAT = "dwarf-with-dsym";
				ENABLE_NS_ASSERTIONS = NO;
				ENABLE_STRICT_OBJC_MSGSEND = YES;
				GCC_C_LANGUAGE_STANDARD = gnu11;
				GCC_NO_COMMON_BLOCKS = YES;
				GCC_WARN_64_TO_32_BIT_CONVERSION = YES;
				GCC_WARN_ABOUT_RETURN_TYPE = YES_ERROR;
				GCC_WARN_UNDECLARED_SELECTOR = YES;
				GCC_WARN_UNINITIALIZED_AUTOS = YES_AGGRESSIVE;
				GCC_WARN_UNUSED_FUNCTION = YES;
				GCC_WARN_UNUSED_VARIABLE = YES;
				IPHONEOS_DEPLOYMENT_TARGET = 11.3;
				MTL_ENABLE_DEBUG_INFO = NO;
				SDKROOT = iphoneos;
				SWIFT_COMPILATION_MODE = wholemodule;
				SWIFT_OPTIMIZATION_LEVEL = "-O";
				VALIDATE_PRODUCT = YES;
			};
			name = Release;
		};
		CCC295F8207F93F90021BF8E /* Debug */ = {
			isa = XCBuildConfiguration;
			baseConfigurationReference = 3B3389B95CD66B5797DF95CE /* Pods-LaundryDay.debug.xcconfig */;
			buildSettings = {
				ASSETCATALOG_COMPILER_APPICON_NAME = AppIcon;
				CODE_SIGN_STYLE = Automatic;
				INFOPLIST_FILE = LaundryDay/Info.plist;
				LD_RUNPATH_SEARCH_PATHS = (
					"$(inherited)",
					"@executable_path/Frameworks",
				);
				PRODUCT_BUNDLE_IDENTIFIER = com.laundryday.LaundryDay;
				PRODUCT_NAME = "$(TARGET_NAME)";
				SWIFT_VERSION = 4.0;
				TARGETED_DEVICE_FAMILY = "1,2";
			};
			name = Debug;
		};
		CCC295F9207F93F90021BF8E /* Release */ = {
			isa = XCBuildConfiguration;
			baseConfigurationReference = E7DE90ADAC7410455027245B /* Pods-LaundryDay.release.xcconfig */;
			buildSettings = {
				ASSETCATALOG_COMPILER_APPICON_NAME = AppIcon;
				CODE_SIGN_STYLE = Automatic;
				INFOPLIST_FILE = LaundryDay/Info.plist;
				LD_RUNPATH_SEARCH_PATHS = (
					"$(inherited)",
					"@executable_path/Frameworks",
				);
				PRODUCT_BUNDLE_IDENTIFIER = com.laundryday.LaundryDay;
				PRODUCT_NAME = "$(TARGET_NAME)";
				SWIFT_VERSION = 4.0;
				TARGETED_DEVICE_FAMILY = "1,2";
			};
			name = Release;
		};
/* End XCBuildConfiguration section */

/* Begin XCConfigurationList section */
		CCC295E0207F93F80021BF8E /* Build configuration list for PBXProject "LaundryDay" */ = {
			isa = XCConfigurationList;
			buildConfigurations = (
				CCC295F5207F93F90021BF8E /* Debug */,
				CCC295F6207F93F90021BF8E /* Release */,
			);
			defaultConfigurationIsVisible = 0;
			defaultConfigurationName = Release;
		};
		CCC295F7207F93F90021BF8E /* Build configuration list for PBXNativeTarget "LaundryDay" */ = {
			isa = XCConfigurationList;
			buildConfigurations = (
				CCC295F8207F93F90021BF8E /* Debug */,
				CCC295F9207F93F90021BF8E /* Release */,
			);
			defaultConfigurationIsVisible = 0;
			defaultConfigurationName = Release;
		};
/* End XCConfigurationList section */
	};
	rootObject = CCC295DD207F93F80021BF8E /* Project object */;
}
